
Microsoft Visual Studio Solution File, Format Version 12.00
# Visual Studio 2013
VisualStudioVersion = 12.0.30110.0
MinimumVisualStudioVersion = 10.0.40219.1
Project("{FAE04EC0-301F-11D3-BF4B-00C04F79EFBC}") = "VerySecureProgram", "VerySecureProgram\VerySecureProgram.csproj", "{7AC2B3BB-0D53-4E51-95D1-6CF5883BB6F8}"
EndProject
Project("{FAE04EC0-301F-11D3-BF4B-00C04F79EFBC}") = "VerySecureProgramTestCI", "VerySecureProgramTestCI\VerySecureProgramTestCI.csproj", "{BE3A9E21-B078-48A0-BAE6-9C5D8B681E23}"
EndProject
Global
	GlobalSection(SolutionConfigurationPlatforms) = preSolution
		Debug|Any CPU = Debug|Any CPU
		Release|Any CPU = Release|Any CPU
	EndGlobalSection
	GlobalSection(ProjectConfigurationPlatforms) = postSolution
		{7AC2B3BB-0D53-4E51-95D1-6CF5883BB6F8}.Debug|Any CPU.ActiveCfg = Debug|Any CPU
		{7AC2B3BB-0D53-4E51-95D1-6CF5883BB6F8}.Debug|Any CPU.Build.0 = Debug|Any CPU
		{7AC2B3BB-0D53-4E51-95D1-6CF5883BB6F8}.Release|Any CPU.ActiveCfg = Release|Any CPU
		{7AC2B3BB-0D53-4E51-95D1-6CF5883BB6F8}.Release|Any CPU.Build.0 = Release|Any CPU
		{BE3A9E21-B078-48A0-BAE6-9C5D8B681E23}.Debug|Any CPU.ActiveCfg = Debug|Any CPU
		{BE3A9E21-B078-48A0-BAE6-9C5D8B681E23}.Debug|Any CPU.Build.0 = Debug|Any CPU
		{BE3A9E21-B078-48A0-BAE6-9C5D8B681E23}.Release|Any CPU.ActiveCfg = Release|Any CPU
		{BE3A9E21-B078-48A0-BAE6-9C5D8B681E23}.Release|Any CPU.Build.0 = Release|Any CPU
	EndGlobalSection
	GlobalSection(SolutionProperties) = preSolution
		HideSolutionNode = FALSE
	EndGlobalSection
EndGlobal
